# THIS IS AN AUTOGENERATED FILE. DO NOT EDIT THIS FILE DIRECTLY.
# yarn lockfile v1


"@types/node@^22.19.15":
  version "22.19.19"
  resolved "https://registry.npmmirror.com/@types/node/-/node-22.19.19.tgz#3124bf26ded54168b768138321fef99b420c6112"
  integrity sha512-dyh/xO2Fh5bYrfWaaqGrRQQGkNdmYw6AmaAUvYeUMNTWQtvb796ikLdmTchRmOlOiIJ1TDXfWgVx1QkUlQ6Hew==
  dependencies:
    undici-types "~6.21.0"

node-addon-api@^8.6.0:
  version "8.8.0"
  resolved "https://registry.npmmirror.com/node-addon-api/-/node-addon-api-8.8.0.tgz#b742be05007b37ebc1741bbaf370d22bf25d208a"
  integrity sha512-c5Ko1fZJIJmzhFIkhRN76WTq+fC6tWnGy9CXA0fA+XygsWZmEwG8vmbkNqxMyoaa0Tin4djul49NzdVcJJcjeA==

undici-types@~6.21.0:
  version "6.21.0"
  resolved "https://registry.npmmirror.com/undici-types/-/undici-types-6.21.0.tgz#691d00af3909be93a7faa13be61b3a5b50ef12cb"
  integrity sha512-iwDZqg0QAGrg9Rav5H4n0M64c3mkR59cJ6wQp+7C4nI0gsmExaedaYLNO44eT4AtBBwjbTiGPMlt2Md0T9H9JQ==
